
Microsoft Visual Studio Solution File, Format Version 12.00
# Visual Studio Version 17
VisualStudioVersion = 17.10.34916.146
MinimumVisualStudioVersion = 10.0.40219.1
Project("{9A19103F-16F7-4668-BE54-9A1E7A4F7556}") = "ProjectHub.Tests", "ProjectHub.Tests\ProjectHub.Tests.csproj", "{DDF2842A-7B76-4C30-9FE0-4B014EF56D62}"
EndProject
Project("{9A19103F-16F7-4668-BE54-9A1E7A4F7556}") = "ProjectHub.Api", "ProjectHub.Api\ProjectHub.Api.csproj", "{54599C3F-17DA-40E7-BAE3-2F18D3871496}"
EndProject
Project("{2150E333-8FDC-42A3-9474-1A3956D46DE8}") = "Solution Items", "Solution Items", "{06DFBF15-9C75-4584-9021-F403E292E28A}"
	ProjectSection(SolutionItems) = preProject
		.editorconfig = .editorconfig
	EndProjectSection
EndProject
Project("{9A19103F-16F7-4668-BE54-9A1E7A4F7556}") = "ProjectHub.Infrastructure", "ProjectHub.Infrastructure\ProjectHub.Infrastructure.csproj", "{14A8D91D-2B80-44A8-9428-D498F9B6EAAD}"
EndProject
Project("{9A19103F-16F7-4668-BE54-9A1E7A4F7556}") = "ProjectHub.Domain", "ProjectHub.Domain\ProjectHub.Domain.csproj", "{D3D08981-DD93-4AA2-9FF8-9F50E53C607D}"
EndProject
Project("{9A19103F-16F7-4668-BE54-9A1E7A4F7556}") = "ProjectHub.Application", "ProjectHub.Application\ProjectHub.Application.csproj", "{FF60BD4D-BEA1-49FE-AF7E-2D1149527FCD}"
EndProject
Global
	GlobalSection(SolutionConfigurationPlatforms) = preSolution
		Debug|Any CPU = Debug|Any CPU
		Release|Any CPU = Release|Any CPU
	EndGlobalSection
	GlobalSection(ProjectConfigurationPlatforms) = postSolution
		{DDF2842A-7B76-4C30-9FE0-4B014EF56D62}.Debug|Any CPU.ActiveCfg = Debug|Any CPU
		{DDF2842A-7B76-4C30-9FE0-4B014EF56D62}.Debug|Any CPU.Build.0 = Debug|Any CPU
		{DDF2842A-7B76-4C30-9FE0-4B014EF56D62}.Release|Any CPU.ActiveCfg = Release|Any CPU
		{DDF2842A-7B76-4C30-9FE0-4B014EF56D62}.Release|Any CPU.Build.0 = Release|Any CPU
		{54599C3F-17DA-40E7-BAE3-2F18D3871496}.Debug|Any CPU.ActiveCfg = Debug|Any CPU
		{54599C3F-17DA-40E7-BAE3-2F18D3871496}.Debug|Any CPU.Build.0 = Debug|Any CPU
		{54599C3F-17DA-40E7-BAE3-2F18D3871496}.Release|Any CPU.ActiveCfg = Release|Any CPU
		{54599C3F-17DA-40E7-BAE3-2F18D3871496}.Release|Any CPU.Build.0 = Release|Any CPU
		{14A8D91D-2B80-44A8-9428-D498F9B6EAAD}.Debug|Any CPU.ActiveCfg = Debug|Any CPU
		{14A8D91D-2B80-44A8-9428-D498F9B6EAAD}.Debug|Any CPU.Build.0 = Debug|Any CPU
		{14A8D91D-2B80-44A8-9428-D498F9B6EAAD}.Release|Any CPU.ActiveCfg = Release|Any CPU
		{14A8D91D-2B80-44A8-9428-D498F9B6EAAD}.Release|Any CPU.Build.0 = Release|Any CPU
		{D3D08981-DD93-4AA2-9FF8-9F50E53C607D}.Debug|Any CPU.ActiveCfg = Debug|Any CPU
		{D3D08981-DD93-4AA2-9FF8-9F50E53C607D}.Debug|Any CPU.Build.0 = Debug|Any CPU
		{D3D08981-DD93-4AA2-9FF8-9F50E53C607D}.Release|Any CPU.ActiveCfg = Release|Any CPU
		{D3D08981-DD93-4AA2-9FF8-9F50E53C607D}.Release|Any CPU.Build.0 = Release|Any CPU
		{FF60BD4D-BEA1-49FE-AF7E-2D1149527FCD}.Debug|Any CPU.ActiveCfg = Debug|Any CPU
		{FF60BD4D-BEA1-49FE-AF7E-2D1149527FCD}.Debug|Any CPU.Build.0 = Debug|Any CPU
		{FF60BD4D-BEA1-49FE-AF7E-2D1149527FCD}.Release|Any CPU.ActiveCfg = Release|Any CPU
		{FF60BD4D-BEA1-49FE-AF7E-2D1149527FCD}.Release|Any CPU.Build.0 = Release|Any CPU
	EndGlobalSection
	GlobalSection(SolutionProperties) = preSolution
		HideSolutionNode = FALSE
	EndGlobalSection
	GlobalSection(ExtensibilityGlobals) = postSolution
		SolutionGuid = {7C025EFE-D803-4BD1-8664-8931026D2C3A}
	EndGlobalSection
EndGlobal
